
Microsoft Visual Studio Solution File, Format Version 10.00
# Visual Studio 2008
Project("{2150E333-8FDC-42A3-9474-1A3956D46DE8}") = "bds", "bds", "{D2769115-6BD9-4B23-A025-0672DB6B182E}"
	ProjectSection(SolutionItems) = preProject
		src\main\assembly\assembly.xml = src\main\assembly\assembly.xml
		src\test\resources\host-test.xml = src\test\resources\host-test.xml
		pom.xml = pom.xml
		readme.txt = readme.txt
	EndProjectSection
EndProject
Project("{FAE04EC0-301F-11D3-BF4B-00C04F79EFBC}") = "ai.pkr.theory.obvious-move", "src\main\net\ai.pkr.theory.obvious-move\ai.pkr.theory.obvious-move.csproj", "{C88E7308-19C5-4CC8-BECC-CBE47D87426D}"
EndProject
Global
	GlobalSection(SolutionConfigurationPlatforms) = preSolution
		Debug|Any CPU = Debug|Any CPU
		Release|Any CPU = Release|Any CPU
	EndGlobalSection
	GlobalSection(ProjectConfigurationPlatforms) = postSolution
		{C88E7308-19C5-4CC8-BECC-CBE47D87426D}.Debug|Any CPU.ActiveCfg = Debug|Any CPU
		{C88E7308-19C5-4CC8-BECC-CBE47D87426D}.Debug|Any CPU.Build.0 = Debug|Any CPU
		{C88E7308-19C5-4CC8-BECC-CBE47D87426D}.Release|Any CPU.ActiveCfg = Release|Any CPU
		{C88E7308-19C5-4CC8-BECC-CBE47D87426D}.Release|Any CPU.Build.0 = Release|Any CPU
	EndGlobalSection
	GlobalSection(SolutionProperties) = preSolution
		HideSolutionNode = FALSE
	EndGlobalSection
EndGlobal
