
Microsoft Visual Studio Solution File, Format Version 10.00
# Visual Studio 2008
Project("{FAE04EC0-301F-11D3-BF4B-00C04F79EFBC}") = "ai.pkr.stdpoker", "src\main\net\ai.pkr.stdpoker\ai.pkr.stdpoker.csproj", "{BA42AFC4-00CF-473E-8D5E-855A114CCC8D}"
	ProjectSection(ProjectDependencies) = postProject
		{71EF1B66-CB2E-4754-B833-E559D1F956CD} = {71EF1B66-CB2E-4754-B833-E559D1F956CD}
	EndProjectSection
EndProject
Project("{FAE04EC0-301F-11D3-BF4B-00C04F79EFBC}") = "ai.pkr.stdpoker.tablegen", "src\main\net\ai.pkr.stdpoker.tablegen\ai.pkr.stdpoker.tablegen.csproj", "{71EF1B66-CB2E-4754-B833-E559D1F956CD}"
EndProject
Project("{FAE04EC0-301F-11D3-BF4B-00C04F79EFBC}") = "ai.pkr.stdpoker.nunit", "src\test\net\ai.pkr.stdpoker.nunit\ai.pkr.stdpoker.nunit.csproj", "{E616C875-9D2B-4D59-B93D-566AC9389D12}"
	ProjectSection(ProjectDependencies) = postProject
		{800CD85F-0958-49C4-A563-13A6D72CFC4A} = {800CD85F-0958-49C4-A563-13A6D72CFC4A}
	EndProjectSection
EndProject
Project("{2150E333-8FDC-42A3-9474-1A3956D46DE8}") = ".solution", ".solution", "{18015666-C5BF-4103-92FD-56F5022ADF74}"
EndProject
Project("{2150E333-8FDC-42A3-9474-1A3956D46DE8}") = "bds", "bds", "{E34F894C-547C-408E-9D59-85CAE4F9F0C3}"
	ProjectSection(SolutionItems) = preProject
		src\main\assembly\assembly.xml = src\main\assembly\assembly.xml
		code-coverage.bat = code-coverage.bat
		src\test\resources\host-test.xml = src\test\resources\host-test.xml
		pom.xml = pom.xml
	EndProjectSection
EndProject
Project("{FAE04EC0-301F-11D3-BF4B-00C04F79EFBC}") = "ai.pkr.stdpoker.lut-gen", "src\main\net\ai.pkr.stdpoker.lut-gen\ai.pkr.stdpoker.lut-gen.csproj", "{800CD85F-0958-49C4-A563-13A6D72CFC4A}"
EndProject
Global
	GlobalSection(SolutionConfigurationPlatforms) = preSolution
		Debug|Any CPU = Debug|Any CPU
		Debug|Mixed Platforms = Debug|Mixed Platforms
		Debug|Win32 = Debug|Win32
		Release|Any CPU = Release|Any CPU
		Release|Mixed Platforms = Release|Mixed Platforms
		Release|Win32 = Release|Win32
	EndGlobalSection
	GlobalSection(ProjectConfigurationPlatforms) = postSolution
		{BA42AFC4-00CF-473E-8D5E-855A114CCC8D}.Debug|Any CPU.ActiveCfg = Debug|Any CPU
		{BA42AFC4-00CF-473E-8D5E-855A114CCC8D}.Debug|Any CPU.Build.0 = Debug|Any CPU
		{BA42AFC4-00CF-473E-8D5E-855A114CCC8D}.Debug|Mixed Platforms.ActiveCfg = Debug|Any CPU
		{BA42AFC4-00CF-473E-8D5E-855A114CCC8D}.Debug|Mixed Platforms.Build.0 = Debug|Any CPU
		{BA42AFC4-00CF-473E-8D5E-855A114CCC8D}.Debug|Win32.ActiveCfg = Debug|Any CPU
		{BA42AFC4-00CF-473E-8D5E-855A114CCC8D}.Release|Any CPU.ActiveCfg = Release|Any CPU
		{BA42AFC4-00CF-473E-8D5E-855A114CCC8D}.Release|Any CPU.Build.0 = Release|Any CPU
		{BA42AFC4-00CF-473E-8D5E-855A114CCC8D}.Release|Mixed Platforms.ActiveCfg = Release|Any CPU
		{BA42AFC4-00CF-473E-8D5E-855A114CCC8D}.Release|Mixed Platforms.Build.0 = Release|Any CPU
		{BA42AFC4-00CF-473E-8D5E-855A114CCC8D}.Release|Win32.ActiveCfg = Release|Any CPU
		{71EF1B66-CB2E-4754-B833-E559D1F956CD}.Debug|Any CPU.ActiveCfg = Debug|Any CPU
		{71EF1B66-CB2E-4754-B833-E559D1F956CD}.Debug|Any CPU.Build.0 = Debug|Any CPU
		{71EF1B66-CB2E-4754-B833-E559D1F956CD}.Debug|Mixed Platforms.ActiveCfg = Debug|Any CPU
		{71EF1B66-CB2E-4754-B833-E559D1F956CD}.Debug|Mixed Platforms.Build.0 = Debug|Any CPU
		{71EF1B66-CB2E-4754-B833-E559D1F956CD}.Debug|Win32.ActiveCfg = Debug|Any CPU
		{71EF1B66-CB2E-4754-B833-E559D1F956CD}.Release|Any CPU.ActiveCfg = Release|Any CPU
		{71EF1B66-CB2E-4754-B833-E559D1F956CD}.Release|Any CPU.Build.0 = Release|Any CPU
		{71EF1B66-CB2E-4754-B833-E559D1F956CD}.Release|Mixed Platforms.ActiveCfg = Release|Any CPU
		{71EF1B66-CB2E-4754-B833-E559D1F956CD}.Release|Mixed Platforms.Build.0 = Release|Any CPU
		{71EF1B66-CB2E-4754-B833-E559D1F956CD}.Release|Win32.ActiveCfg = Release|Any CPU
		{E616C875-9D2B-4D59-B93D-566AC9389D12}.Debug|Any CPU.ActiveCfg = Debug|Any CPU
		{E616C875-9D2B-4D59-B93D-566AC9389D12}.Debug|Any CPU.Build.0 = Debug|Any CPU
		{E616C875-9D2B-4D59-B93D-566AC9389D12}.Debug|Mixed Platforms.ActiveCfg = Debug|Any CPU
		{E616C875-9D2B-4D59-B93D-566AC9389D12}.Debug|Mixed Platforms.Build.0 = Debug|Any CPU
		{E616C875-9D2B-4D59-B93D-566AC9389D12}.Debug|Win32.ActiveCfg = Debug|Any CPU
		{E616C875-9D2B-4D59-B93D-566AC9389D12}.Release|Any CPU.ActiveCfg = Release|Any CPU
		{E616C875-9D2B-4D59-B93D-566AC9389D12}.Release|Any CPU.Build.0 = Release|Any CPU
		{E616C875-9D2B-4D59-B93D-566AC9389D12}.Release|Mixed Platforms.ActiveCfg = Release|Any CPU
		{E616C875-9D2B-4D59-B93D-566AC9389D12}.Release|Mixed Platforms.Build.0 = Release|Any CPU
		{E616C875-9D2B-4D59-B93D-566AC9389D12}.Release|Win32.ActiveCfg = Release|Any CPU
		{800CD85F-0958-49C4-A563-13A6D72CFC4A}.Debug|Any CPU.ActiveCfg = Debug|Any CPU
		{800CD85F-0958-49C4-A563-13A6D72CFC4A}.Debug|Any CPU.Build.0 = Debug|Any CPU
		{800CD85F-0958-49C4-A563-13A6D72CFC4A}.Debug|Mixed Platforms.ActiveCfg = Debug|Any CPU
		{800CD85F-0958-49C4-A563-13A6D72CFC4A}.Debug|Mixed Platforms.Build.0 = Debug|Any CPU
		{800CD85F-0958-49C4-A563-13A6D72CFC4A}.Debug|Win32.ActiveCfg = Debug|Any CPU
		{800CD85F-0958-49C4-A563-13A6D72CFC4A}.Release|Any CPU.ActiveCfg = Release|Any CPU
		{800CD85F-0958-49C4-A563-13A6D72CFC4A}.Release|Any CPU.Build.0 = Release|Any CPU
		{800CD85F-0958-49C4-A563-13A6D72CFC4A}.Release|Mixed Platforms.ActiveCfg = Release|Any CPU
		{800CD85F-0958-49C4-A563-13A6D72CFC4A}.Release|Mixed Platforms.Build.0 = Release|Any CPU
		{800CD85F-0958-49C4-A563-13A6D72CFC4A}.Release|Win32.ActiveCfg = Release|Any CPU
	EndGlobalSection
	GlobalSection(SolutionProperties) = preSolution
		HideSolutionNode = FALSE
	EndGlobalSection
EndGlobal
