
Microsoft Visual Studio Solution File, Format Version 10.00
# Visual Studio 2008
Project("{2150E333-8FDC-42A3-9474-1A3956D46DE8}") = "bds", "bds", "{D2769115-6BD9-4B23-A025-0672DB6B182E}"
	ProjectSection(SolutionItems) = preProject
		src\main\assembly\assembly.xml = src\main\assembly\assembly.xml
		src\test\resources\host-test.xml = src\test\resources\host-test.xml
		pom.xml = pom.xml
	EndProjectSection
EndProject
Project("{FAE04EC0-301F-11D3-BF4B-00C04F79EFBC}") = "ai.pkr.luck", "src\main\net\ai.pkr.luck\ai.pkr.luck.csproj", "{01F5368B-5850-41C6-864F-A10D33703DF9}"
EndProject
Project("{FAE04EC0-301F-11D3-BF4B-00C04F79EFBC}") = "ai.pkr.luck.nunit", "src\main\test\ai.pkr.luck.nunit\ai.pkr.luck.nunit.csproj", "{4DF5C176-2FB4-495E-BCC8-C7E777066911}"
EndProject
Global
	GlobalSection(SolutionConfigurationPlatforms) = preSolution
		Debug|Any CPU = Debug|Any CPU
		Release|Any CPU = Release|Any CPU
	EndGlobalSection
	GlobalSection(ProjectConfigurationPlatforms) = postSolution
		{01F5368B-5850-41C6-864F-A10D33703DF9}.Debug|Any CPU.ActiveCfg = Debug|Any CPU
		{01F5368B-5850-41C6-864F-A10D33703DF9}.Debug|Any CPU.Build.0 = Debug|Any CPU
		{01F5368B-5850-41C6-864F-A10D33703DF9}.Release|Any CPU.ActiveCfg = Release|Any CPU
		{01F5368B-5850-41C6-864F-A10D33703DF9}.Release|Any CPU.Build.0 = Release|Any CPU
		{4DF5C176-2FB4-495E-BCC8-C7E777066911}.Debug|Any CPU.ActiveCfg = Debug|Any CPU
		{4DF5C176-2FB4-495E-BCC8-C7E777066911}.Debug|Any CPU.Build.0 = Debug|Any CPU
		{4DF5C176-2FB4-495E-BCC8-C7E777066911}.Release|Any CPU.ActiveCfg = Release|Any CPU
		{4DF5C176-2FB4-495E-BCC8-C7E777066911}.Release|Any CPU.Build.0 = Release|Any CPU
	EndGlobalSection
	GlobalSection(SolutionProperties) = preSolution
		HideSolutionNode = FALSE
	EndGlobalSection
EndGlobal
