
Microsoft Visual Studio Solution File, Format Version 10.00
# Visual Studio 2008
Project("{FAE04EC0-301F-11D3-BF4B-00C04F79EFBC}") = "neytiri-preflop", "neytiri-preflop.csproj", "{51BDB651-E67F-4E7F-B55E-8B8A47BD5174}"
EndProject
Global
	GlobalSection(SolutionConfigurationPlatforms) = preSolution
		Debug|Any CPU = Debug|Any CPU
		Release|Any CPU = Release|Any CPU
	EndGlobalSection
	GlobalSection(ProjectConfigurationPlatforms) = postSolution
		{51BDB651-E67F-4E7F-B55E-8B8A47BD5174}.Debug|Any CPU.ActiveCfg = Debug|Any CPU
		{51BDB651-E67F-4E7F-B55E-8B8A47BD5174}.Debug|Any CPU.Build.0 = Debug|Any CPU
		{51BDB651-E67F-4E7F-B55E-8B8A47BD5174}.Release|Any CPU.ActiveCfg = Release|Any CPU
		{51BDB651-E67F-4E7F-B55E-8B8A47BD5174}.Release|Any CPU.Build.0 = Release|Any CPU
	EndGlobalSection
	GlobalSection(SolutionProperties) = preSolution
		HideSolutionNode = FALSE
	EndGlobalSection
EndGlobal
